// !$*UTF8*$!
{
	archiveVersion = 1;
	classes = {
	};
	objectVersion = 48;
	objects = {

/* Begin PBXBuildFile section */
		78404A71205D9B510069B48D /* main.m in Sources */ = {isa = PBXBuildFile; fileRef = 78404A70205D9B510069B48D /* main.m */; };
		78404A79205D9C3D0069B48D /* Furniture.m in Sources */ = {isa = PBXBuildFile; fileRef = 78404A78205D9C3D0069B48D /* Furniture.m */; };
		78404A7D205DB39D0069B48D /* Chair.m in Sources */ = {isa = PBXBuildFile; fileRef = 78404A7C205DB39D0069B48D /* Chair.m */; };
		78404A80205DB3B30069B48D /* Armchair.m in Sources */ = {isa = PBXBuildFile; fileRef = 78404A7F205DB3B30069B48D /* Armchair.m */; };
		78404A83205DB3C20069B48D /* Bed.m in Sources */ = {isa = PBXBuildFile; fileRef = 78404A82205DB3C20069B48D /* Bed.m */; };
		78404A86205DB3DC0069B48D /* Wardrobe.m in Sources */ = {isa = PBXBuildFile; fileRef = 78404A85205DB3DC0069B48D /* Wardrobe.m */; };
		78404A89205DB3EC0069B48D /* Table.m in Sources */ = {isa = PBXBuildFile; fileRef = 78404A88205DB3EC0069B48D /* Table.m */; };
		78404A8C205DB4080069B48D /* BedsideTable.m in Sources */ = {isa = PBXBuildFile; fileRef = 78404A8B205DB4080069B48D /* BedsideTable.m */; };
		78404A90205DB5BB0069B48D /* Material.m in Sources */ = {isa = PBXBuildFile; fileRef = 78404A8F205DB5BB0069B48D /* Material.m */; };
		78404A93205DC61A0069B48D /* WallMirror.m in Sources */ = {isa = PBXBuildFile; fileRef = 78404A92205DC61A0069B48D /* WallMirror.m */; };
		78404A97205DD61E0069B48D /* FurnitureSet.m in Sources */ = {isa = PBXBuildFile; fileRef = 78404A96205DD61E0069B48D /* FurnitureSet.m */; };
/* End PBXBuildFile section */

/* Begin PBXCopyFilesBuildPhase section */
		78404A6B205D9B510069B48D /* CopyFiles */ = {
			isa = PBXCopyFilesBuildPhase;
			buildActionMask = 2147483647;
			dstPath = /usr/share/man/man1/;
			dstSubfolderSpec = 0;
			files = (
			);
			runOnlyForDeploymentPostprocessing = 1;
		};
/* End PBXCopyFilesBuildPhase section */

/* Begin PBXFileReference section */
		78404A6D205D9B510069B48D /* Furniture */ = {isa = PBXFileReference; explicitFileType = "compiled.mach-o.executable"; includeInIndex = 0; path = Furniture; sourceTree = BUILT_PRODUCTS_DIR; };
		78404A70205D9B510069B48D /* main.m */ = {isa = PBXFileReference; lastKnownFileType = sourcecode.c.objc; path = main.m; sourceTree = "<group>"; };
		78404A77205D9C3D0069B48D /* Furniture.h */ = {isa = PBXFileReference; lastKnownFileType = sourcecode.c.h; path = Furniture.h; sourceTree = "<group>"; };
		78404A78205D9C3D0069B48D /* Furniture.m */ = {isa = PBXFileReference; lastKnownFileType = sourcecode.c.objc; path = Furniture.m; sourceTree = "<group>"; };
		78404A7B205DB39D0069B48D /* Chair.h */ = {isa = PBXFileReference; lastKnownFileType = sourcecode.c.h; path = Chair.h; sourceTree = "<group>"; };
		78404A7C205DB39D0069B48D /* Chair.m */ = {isa = PBXFileReference; lastKnownFileType = sourcecode.c.objc; path = Chair.m; sourceTree = "<group>"; };
		78404A7E205DB3B30069B48D /* Armchair.h */ = {isa = PBXFileReference; lastKnownFileType = sourcecode.c.h; path = Armchair.h; sourceTree = "<group>"; };
		78404A7F205DB3B30069B48D /* Armchair.m */ = {isa = PBXFileReference; lastKnownFileType = sourcecode.c.objc; path = Armchair.m; sourceTree = "<group>"; };
		78404A81205DB3C20069B48D /* Bed.h */ = {isa = PBXFileReference; lastKnownFileType = sourcecode.c.h; path = Bed.h; sourceTree = "<group>"; };
		78404A82205DB3C20069B48D /* Bed.m */ = {isa = PBXFileReference; lastKnownFileType = sourcecode.c.objc; path = Bed.m; sourceTree = "<group>"; };
		78404A84205DB3DC0069B48D /* Wardrobe.h */ = {isa = PBXFileReference; lastKnownFileType = sourcecode.c.h; path = Wardrobe.h; sourceTree = "<group>"; };
		78404A85205DB3DC0069B48D /* Wardrobe.m */ = {isa = PBXFileReference; lastKnownFileType = sourcecode.c.objc; path = Wardrobe.m; sourceTree = "<group>"; };
		78404A87205DB3EC0069B48D /* Table.h */ = {isa = PBXFileReference; lastKnownFileType = sourcecode.c.h; path = Table.h; sourceTree = "<group>"; };
		78404A88205DB3EC0069B48D /* Table.m */ = {isa = PBXFileReference; lastKnownFileType = sourcecode.c.objc; path = Table.m; sourceTree = "<group>"; };
		78404A8A205DB4080069B48D /* BedsideTable.h */ = {isa = PBXFileReference; lastKnownFileType = sourcecode.c.h; path = BedsideTable.h; sourceTree = "<group>"; };
		78404A8B205DB4080069B48D /* BedsideTable.m */ = {isa = PBXFileReference; lastKnownFileType = sourcecode.c.objc; path = BedsideTable.m; sourceTree = "<group>"; };
		78404A8E205DB5BB0069B48D /* Material.h */ = {isa = PBXFileReference; lastKnownFileType = sourcecode.c.h; path = Material.h; sourceTree = "<group>"; };
		78404A8F205DB5BB0069B48D /* Material.m */ = {isa = PBXFileReference; lastKnownFileType = sourcecode.c.objc; path = Material.m; sourceTree = "<group>"; };
		78404A91205DC61A0069B48D /* WallMirror.h */ = {isa = PBXFileReference; lastKnownFileType = sourcecode.c.h; path = WallMirror.h; sourceTree = "<group>"; };
		78404A92205DC61A0069B48D /* WallMirror.m */ = {isa = PBXFileReference; lastKnownFileType = sourcecode.c.objc; path = WallMirror.m; sourceTree = "<group>"; };
		78404A95205DD61E0069B48D /* FurnitureSet.h */ = {isa = PBXFileReference; lastKnownFileType = sourcecode.c.h; path = FurnitureSet.h; sourceTree = "<group>"; };
		78404A96205DD61E0069B48D /* FurnitureSet.m */ = {isa = PBXFileReference; lastKnownFileType = sourcecode.c.objc; path = FurnitureSet.m; sourceTree = "<group>"; };
		78404A98205DF0490069B48D /* CommonProperties.h */ = {isa = PBXFileReference; lastKnownFileType = sourcecode.c.h; path = CommonProperties.h; sourceTree = "<group>"; };
/* End PBXFileReference section */

/* Begin PBXFrameworksBuildPhase section */
		78404A6A205D9B510069B48D /* Frameworks */ = {
			isa = PBXFrameworksBuildPhase;
			buildActionMask = 2147483647;
			files = (
			);
			runOnlyForDeploymentPostprocessing = 0;
		};
/* End PBXFrameworksBuildPhase section */

/* Begin PBXGroup section */
		78404A64205D9B510069B48D = {
			isa = PBXGroup;
			children = (
				78404A6F205D9B510069B48D /* Furniture */,
				78404A6E205D9B510069B48D /* Products */,
			);
			sourceTree = "<group>";
		};
		78404A6E205D9B510069B48D /* Products */ = {
			isa = PBXGroup;
			children = (
				78404A6D205D9B510069B48D /* Furniture */,
			);
			name = Products;
			sourceTree = "<group>";
		};
		78404A6F205D9B510069B48D /* Furniture */ = {
			isa = PBXGroup;
			children = (
				78404A70205D9B510069B48D /* main.m */,
				78404A98205DF0490069B48D /* CommonProperties.h */,
				78404A94205DC6880069B48D /* Coating */,
				78404A7A205DB1AE0069B48D /* WarehouseWithFurniture */,
				78404A8D205DB4150069B48D /* AllFurniture */,
			);
			path = Furniture;
			sourceTree = "<group>";
		};
		78404A7A205DB1AE0069B48D /* WarehouseWithFurniture */ = {
			isa = PBXGroup;
			children = (
				78404A77205D9C3D0069B48D /* Furniture.h */,
				78404A78205D9C3D0069B48D /* Furniture.m */,
				78404A95205DD61E0069B48D /* FurnitureSet.h */,
				78404A96205DD61E0069B48D /* FurnitureSet.m */,
			);
			path = WarehouseWithFurniture;
			sourceTree = "<group>";
		};
		78404A8D205DB4150069B48D /* AllFurniture */ = {
			isa = PBXGroup;
			children = (
				78404A7B205DB39D0069B48D /* Chair.h */,
				78404A7C205DB39D0069B48D /* Chair.m */,
				78404A7E205DB3B30069B48D /* Armchair.h */,
				78404A7F205DB3B30069B48D /* Armchair.m */,
				78404A81205DB3C20069B48D /* Bed.h */,
				78404A82205DB3C20069B48D /* Bed.m */,
				78404A84205DB3DC0069B48D /* Wardrobe.h */,
				78404A85205DB3DC0069B48D /* Wardrobe.m */,
				78404A87205DB3EC0069B48D /* Table.h */,
				78404A88205DB3EC0069B48D /* Table.m */,
				78404A8A205DB4080069B48D /* BedsideTable.h */,
				78404A8B205DB4080069B48D /* BedsideTable.m */,
				78404A91205DC61A0069B48D /* WallMirror.h */,
				78404A92205DC61A0069B48D /* WallMirror.m */,
			);
			path = AllFurniture;
			sourceTree = "<group>";
		};
		78404A94205DC6880069B48D /* Coating */ = {
			isa = PBXGroup;
			children = (
				78404A8E205DB5BB0069B48D /* Material.h */,
				78404A8F205DB5BB0069B48D /* Material.m */,
			);
			path = Coating;
			sourceTree = "<group>";
		};
/* End PBXGroup section */

/* Begin PBXNativeTarget section */
		78404A6C205D9B510069B48D /* Furniture */ = {
			isa = PBXNativeTarget;
			buildConfigurationList = 78404A74205D9B510069B48D /* Build configuration list for PBXNativeTarget "Furniture" */;
			buildPhases = (
				78404A69205D9B510069B48D /* Sources */,
				78404A6A205D9B510069B48D /* Frameworks */,
				78404A6B205D9B510069B48D /* CopyFiles */,
			);
			buildRules = (
			);
			dependencies = (
			);
			name = Furniture;
			productName = Furniture;
			productReference = 78404A6D205D9B510069B48D /* Furniture */;
			productType = "com.apple.product-type.tool";
		};
/* End PBXNativeTarget section */

/* Begin PBXProject section */
		78404A65205D9B510069B48D /* Project object */ = {
			isa = PBXProject;
			attributes = {
				LastUpgradeCheck = 0920;
				ORGANIZATIONNAME = AcerHack;
				TargetAttributes = {
					78404A6C205D9B510069B48D = {
						CreatedOnToolsVersion = 9.2;
						ProvisioningStyle = Automatic;
					};
				};
			};
			buildConfigurationList = 78404A68205D9B510069B48D /* Build configuration list for PBXProject "Furniture" */;
			compatibilityVersion = "Xcode 8.0";
			developmentRegion = en;
			hasScannedForEncodings = 0;
			knownRegions = (
				en,
			);
			mainGroup = 78404A64205D9B510069B48D;
			productRefGroup = 78404A6E205D9B510069B48D /* Products */;
			projectDirPath = "";
			projectRoot = "";
			targets = (
				78404A6C205D9B510069B48D /* Furniture */,
			);
		};
/* End PBXProject section */

/* Begin PBXSourcesBuildPhase section */
		78404A69205D9B510069B48D /* Sources */ = {
			isa = PBXSourcesBuildPhase;
			buildActionMask = 2147483647;
			files = (
				78404A83205DB3C20069B48D /* Bed.m in Sources */,
				78404A8C205DB4080069B48D /* BedsideTable.m in Sources */,
				78404A93205DC61A0069B48D /* WallMirror.m in Sources */,
				78404A80205DB3B30069B48D /* Armchair.m in Sources */,
				78404A97205DD61E0069B48D /* FurnitureSet.m in Sources */,
				78404A7D205DB39D0069B48D /* Chair.m in Sources */,
				78404A86205DB3DC0069B48D /* Wardrobe.m in Sources */,
				78404A79205D9C3D0069B48D /* Furniture.m in Sources */,
				78404A90205DB5BB0069B48D /* Material.m in Sources */,
				78404A71205D9B510069B48D /* main.m in Sources */,
				78404A89205DB3EC0069B48D /* Table.m in Sources */,
			);
			runOnlyForDeploymentPostprocessing = 0;
		};
/* End PBXSourcesBuildPhase section */

/* Begin XCBuildConfiguration section */
		78404A72205D9B510069B48D /* Debug */ = {
			isa = XCBuildConfiguration;
			buildSettings = {
				ALWAYS_SEARCH_USER_PATHS = NO;
				CLANG_ANALYZER_NONNULL = YES;
				CLANG_ANALYZER_NUMBER_OBJECT_CONVERSION = YES_AGGRESSIVE;
				CLANG_CXX_LANGUAGE_STANDARD = "gnu++14";
				CLANG_CXX_LIBRARY = "libc++";
				CLANG_ENABLE_MODULES = YES;
				CLANG_ENABLE_OBJC_ARC = YES;
				CLANG_WARN_BLOCK_CAPTURE_AUTORELEASING = YES;
				CLANG_WARN_BOOL_CONVERSION = YES;
				CLANG_WARN_COMMA = YES;
				CLANG_WARN_CONSTANT_CONVERSION = YES;
				CLANG_WARN_DIRECT_OBJC_ISA_USAGE = YES_ERROR;
				CLANG_WARN_DOCUMENTATION_COMMENTS = YES;
				CLANG_WARN_EMPTY_BODY = YES;
				CLANG_WARN_ENUM_CONVERSION = YES;
				CLANG_WARN_INFINITE_RECURSION = YES;
				CLANG_WARN_INT_CONVERSION = YES;
				CLANG_WARN_NON_LITERAL_NULL_CONVERSION = YES;
				CLANG_WARN_OBJC_LITERAL_CONVERSION = YES;
				CLANG_WARN_OBJC_ROOT_CLASS = YES_ERROR;
				CLANG_WARN_RANGE_LOOP_ANALYSIS = YES;
				CLANG_WARN_STRICT_PROTOTYPES = YES;
				CLANG_WARN_SUSPICIOUS_MOVE = YES;
				CLANG_WARN_UNGUARDED_AVAILABILITY = YES_AGGRESSIVE;
				CLANG_WARN_UNREACHABLE_CODE = YES;
				CLANG_WARN__DUPLICATE_METHOD_MATCH = YES;
				CODE_SIGN_IDENTITY = "Mac Developer";
				COPY_PHASE_STRIP = NO;
				DEBUG_INFORMATION_FORMAT = dwarf;
				ENABLE_STRICT_OBJC_MSGSEND = YES;
				ENABLE_TESTABILITY = YES;
				GCC_C_LANGUAGE_STANDARD = gnu11;
				GCC_DYNAMIC_NO_PIC = NO;
				GCC_NO_COMMON_BLOCKS = YES;
				GCC_OPTIMIZATION_LEVEL = 0;
				GCC_PREPROCESSOR_DEFINITIONS = (
					"DEBUG=1",
					"$(inherited)",
				);
				GCC_WARN_64_TO_32_BIT_CONVERSION = YES;
				GCC_WARN_ABOUT_RETURN_TYPE = YES_ERROR;
				GCC_WARN_UNDECLARED_SELECTOR = YES;
				GCC_WARN_UNINITIALIZED_AUTOS = YES_AGGRESSIVE;
				GCC_WARN_UNUSED_FUNCTION = YES;
				GCC_WARN_UNUSED_VARIABLE = YES;
				MACOSX_DEPLOYMENT_TARGET = 10.12;
				MTL_ENABLE_DEBUG_INFO = YES;
				ONLY_ACTIVE_ARCH = YES;
				SDKROOT = macosx;
			};
			name = Debug;
		};
		78404A73205D9B510069B48D /* Release */ = {
			isa = XCBuildConfiguration;
			buildSettings = {
				ALWAYS_SEARCH_USER_PATHS = NO;
				CLANG_ANALYZER_NONNULL = YES;
				CLANG_ANALYZER_NUMBER_OBJECT_CONVERSION = YES_AGGRESSIVE;
				CLANG_CXX_LANGUAGE_STANDARD = "gnu++14";
				CLANG_CXX_LIBRARY = "libc++";
				CLANG_ENABLE_MODULES = YES;
				CLANG_ENABLE_OBJC_ARC = YES;
				CLANG_WARN_BLOCK_CAPTURE_AUTORELEASING = YES;
				CLANG_WARN_BOOL_CONVERSION = YES;
				CLANG_WARN_COMMA = YES;
				CLANG_WARN_CONSTANT_CONVERSION = YES;
				CLANG_WARN_DIRECT_OBJC_ISA_USAGE = YES_ERROR;
				CLANG_WARN_DOCUMENTATION_COMMENTS = YES;
				CLANG_WARN_EMPTY_BODY = YES;
				CLANG_WARN_ENUM_CONVERSION = YES;
				CLANG_WARN_INFINITE_RECURSION = YES;
				CLANG_WARN_INT_CONVERSION = YES;
				CLANG_WARN_NON_LITERAL_NULL_CONVERSION = YES;
				CLANG_WARN_OBJC_LITERAL_CONVERSION = YES;
				CLANG_WARN_OBJC_ROOT_CLASS = YES_ERROR;
				CLANG_WARN_RANGE_LOOP_ANALYSIS = YES;
				CLANG_WARN_STRICT_PROTOTYPES = YES;
				CLANG_WARN_SUSPICIOUS_MOVE = YES;
				CLANG_WARN_UNGUARDED_AVAILABILITY = YES_AGGRESSIVE;
				CLANG_WARN_UNREACHABLE_CODE = YES;
				CLANG_WARN__DUPLICATE_METHOD_MATCH = YES;
				CODE_SIGN_IDENTITY = "Mac Developer";
				COPY_PHASE_STRIP = NO;
				DEBUG_INFORMATION_FORMAT = "dwarf-with-dsym";
				ENABLE_NS_ASSERTIONS = NO;
				ENABLE_STRICT_OBJC_MSGSEND = YES;
				GCC_C_LANGUAGE_STANDARD = gnu11;
				GCC_NO_COMMON_BLOCKS = YES;
				GCC_WARN_64_TO_32_BIT_CONVERSION = YES;
				GCC_WARN_ABOUT_RETURN_TYPE = YES_ERROR;
				GCC_WARN_UNDECLARED_SELECTOR = YES;
				GCC_WARN_UNINITIALIZED_AUTOS = YES_AGGRESSIVE;
				GCC_WARN_UNUSED_FUNCTION = YES;
				GCC_WARN_UNUSED_VARIABLE = YES;
				MACOSX_DEPLOYMENT_TARGET = 10.12;
				MTL_ENABLE_DEBUG_INFO = NO;
				SDKROOT = macosx;
			};
			name = Release;
		};
		78404A75205D9B510069B48D /* Debug */ = {
			isa = XCBuildConfiguration;
			buildSettings = {
				CODE_SIGN_STYLE = Automatic;
				DEVELOPMENT_TEAM = PXZFR3SP62;
				PRODUCT_NAME = "$(TARGET_NAME)";
			};
			name = Debug;
		};
		78404A76205D9B510069B48D /* Release */ = {
			isa = XCBuildConfiguration;
			buildSettings = {
				CODE_SIGN_STYLE = Automatic;
				DEVELOPMENT_TEAM = PXZFR3SP62;
				PRODUCT_NAME = "$(TARGET_NAME)";
			};
			name = Release;
		};
/* End XCBuildConfiguration section */

/* Begin XCConfigurationList section */
		78404A68205D9B510069B48D /* Build configuration list for PBXProject "Furniture" */ = {
			isa = XCConfigurationList;
			buildConfigurations = (
				78404A72205D9B510069B48D /* Debug */,
				78404A73205D9B510069B48D /* Release */,
			);
			defaultConfigurationIsVisible = 0;
			defaultConfigurationName = Release;
		};
		78404A74205D9B510069B48D /* Build configuration list for PBXNativeTarget "Furniture" */ = {
			isa = XCConfigurationList;
			buildConfigurations = (
				78404A75205D9B510069B48D /* Debug */,
				78404A76205D9B510069B48D /* Release */,
			);
			defaultConfigurationIsVisible = 0;
			defaultConfigurationName = Release;
		};
/* End XCConfigurationList section */
	};
	rootObject = 78404A65205D9B510069B48D /* Project object */;
}
